
Microsoft Visual Studio Solution File, Format Version 12.00
# Visual Studio Version 17
VisualStudioVersion = 17.11.35222.181
MinimumVisualStudioVersion = 10.0.40219.1
Project("{FAE04EC0-301F-11D3-BF4B-00C04F79EFBC}") = "IC-Eval-Backend", "IC-Eval-Backend.csproj", "{46619520-3738-454A-81DF-3C9114C248C1}"
EndProject
Global
	GlobalSection(SolutionConfigurationPlatforms) = preSolution
		Debug|Any CPU = Debug|Any CPU
		Release|Any CPU = Release|Any CPU
	EndGlobalSection
	GlobalSection(ProjectConfigurationPlatforms) = postSolution
		{46619520-3738-454A-81DF-3C9114C248C1}.Debug|Any CPU.ActiveCfg = Debug|Any CPU
		{46619520-3738-454A-81DF-3C9114C248C1}.Debug|Any CPU.Build.0 = Debug|Any CPU
		{46619520-3738-454A-81DF-3C9114C248C1}.Release|Any CPU.ActiveCfg = Release|Any CPU
		{46619520-3738-454A-81DF-3C9114C248C1}.Release|Any CPU.Build.0 = Release|Any CPU
	EndGlobalSection
	GlobalSection(SolutionProperties) = preSolution
		HideSolutionNode = FALSE
	EndGlobalSection
	GlobalSection(ExtensibilityGlobals) = postSolution
		SolutionGuid = {B0EE00D5-665B-4C10-96F8-0001F5482122}
	EndGlobalSection
EndGlobal
